PODS:
  - Arcane (0.5.0)

DEPENDENCIES:
  - Arcane (from `https://github.com/onmyway133/Arcane`)

EXTERNAL SOURCES:
  Arcane:
    :git: https://github.com/onmyway133/Arcane

CHECKOUT OPTIONS:
  Arcane:
    :commit: 6768684645f284e8af0ad1a3655264a36d0cc3ef
    :git: https://github.com/onmyway133/Arcane

SPEC CHECKSUMS:
  Arcane: 5f01dd42b0aa25c9f6b188cf7af758094a184d54

PODFILE CHECKSUM: 3a889e99af4fc781a5f9eeee4ca81a92efb65d82

COCOAPODS: 1.2.1
