PODS:
  - Arcane (0.2.0)

DEPENDENCIES:
  - Arcane (from `https://github.com/onmyway133/Arcane`)

EXTERNAL SOURCES:
  Arcane:
    :git: https://github.com/onmyway133/Arcane

CHECKOUT OPTIONS:
  Arcane:
    :commit: d9b95bc5bdb4d0a119da364f5c6e4a483426417b
    :git: https://github.com/onmyway133/Arcane

SPEC CHECKSUMS:
  Arcane: 9cf005ab1ef56af2b8f1644f7399241753cdac13

PODFILE CHECKSUM: b2c60322cef8df307287b014271a51659cfa1796

COCOAPODS: 1.0.1
